
Microsoft Visual Studio Solution File, Format Version 12.00
# Visual Studio 15
VisualStudioVersion = 15.0.28307.329
MinimumVisualStudioVersion = 10.0.40219.1
Project("{FAE04EC0-301F-11D3-BF4B-00C04F79EFBC}") = "MPBS", "Branch_System\MPBS.csproj", "{2B579CB9-DB3B-4A1A-8591-7F0386761CE4}"
EndProject
Project("{54435603-DBB4-11D2-8724-00A0C9A8B90C}") = "CTS.Installer", "CTS.Installer\CTS.Installer.vdproj", "{E63991CF-905B-4E26-8094-54D04616B75B}"
EndProject
Project("{54435603-DBB4-11D2-8724-00A0C9A8B90C}") = "MPBS Installer", "MPBS Installer\MPBS Installer.vdproj", "{5E9AFB8A-15E5-4D2E-9305-C7DE45B239A8}"
EndProject
Project("{54435603-DBB4-11D2-8724-00A0C9A8B90C}") = "MPBS Setup", "MBPS Installer (2019)\MBPS Installer (2019).vdproj", "{EE758F03-AA52-4B44-9FD9-96726F65D37E}"
EndProject
Project("{54435603-DBB4-11D2-8724-00A0C9A8B90C}") = "MPBS Setup Project (2021) Final", "MPBS Setup Project (2021) Final\MPBS Setup Project (2021) Final.vdproj", "{9F3DDECA-B83D-4CF8-AD19-6DDE0A4C4313}"
EndProject
Global
	GlobalSection(SolutionConfigurationPlatforms) = preSolution
		Debug|Any CPU = Debug|Any CPU
		Release|Any CPU = Release|Any CPU
	EndGlobalSection
	GlobalSection(ProjectConfigurationPlatforms) = postSolution
		{2B579CB9-DB3B-4A1A-8591-7F0386761CE4}.Debug|Any CPU.ActiveCfg = Debug|Any CPU
		{2B579CB9-DB3B-4A1A-8591-7F0386761CE4}.Debug|Any CPU.Build.0 = Debug|Any CPU
		{2B579CB9-DB3B-4A1A-8591-7F0386761CE4}.Release|Any CPU.ActiveCfg = Release|Any CPU
		{2B579CB9-DB3B-4A1A-8591-7F0386761CE4}.Release|Any CPU.Build.0 = Release|Any CPU
		{E63991CF-905B-4E26-8094-54D04616B75B}.Debug|Any CPU.ActiveCfg = Debug
		{E63991CF-905B-4E26-8094-54D04616B75B}.Release|Any CPU.ActiveCfg = Release
		{5E9AFB8A-15E5-4D2E-9305-C7DE45B239A8}.Debug|Any CPU.ActiveCfg = Debug
		{5E9AFB8A-15E5-4D2E-9305-C7DE45B239A8}.Release|Any CPU.ActiveCfg = Release
		{EE758F03-AA52-4B44-9FD9-96726F65D37E}.Debug|Any CPU.ActiveCfg = Debug
		{EE758F03-AA52-4B44-9FD9-96726F65D37E}.Release|Any CPU.ActiveCfg = Release
		{9F3DDECA-B83D-4CF8-AD19-6DDE0A4C4313}.Debug|Any CPU.ActiveCfg = Debug
		{9F3DDECA-B83D-4CF8-AD19-6DDE0A4C4313}.Release|Any CPU.ActiveCfg = Release
	EndGlobalSection
	GlobalSection(SolutionProperties) = preSolution
		HideSolutionNode = FALSE
	EndGlobalSection
	GlobalSection(ExtensibilityGlobals) = postSolution
		SolutionGuid = {29CE5D77-C8F8-4CDC-8F1B-5804773EBEEF}
	EndGlobalSection
EndGlobal
